{
  "pins" : [
    {
      "identity" : "scryfallkit",
      "kind" : "remoteSourceControl",
      "location" : "https://github.com/JacobHearst/ScryfallKit",
      "state" : {
        "revision" : "7e3ea0f1f08a1eebbc530c84371017632c77fc5e",
        "version" : "5.13.0"
      }
    }
  ],
  "version" : 2
}
